{
  "nodes": {
    "HaskellR": {
      "flake": false,
      "locked": {
        "lastModified": 1644844599,
        "narHash": "sha256-q39Dp5hj4u5Lx6wWwPoc9CbyocH3KutYDmWVd3xevgo=",
        "owner": "tweag",
        "repo": "HaskellR",
        "rev": "c3ba1023480e26ade420896bcb629ceaad59f308",
        "type": "github"
      },
      "original": {
        "owner": "tweag",
        "repo": "HaskellR",
        "type": "github"
      }
    },
    "all-cabal-hashes": {
      "flake": false,
      "locked": {
        "lastModified": 1665411404,
        "narHash": "sha256-72dBjkwAa6SXUojCKkKF13Kr/23jpNQRmuaFEfyBAko=",
        "owner": "commercialhaskell",
        "repo": "all-cabal-hashes",
        "rev": "ebab8e9532b8f076f2d18bea6e4559cc12dd40ee",
        "type": "github"
      },
      "original": {
        "owner": "commercialhaskell",
        "ref": "hackage",
        "repo": "all-cabal-hashes",
        "type": "github"
      }
    },
    "cardano-base": {
      "flake": false,
      "locked": {
        "lastModified": 1664966805,
        "narHash": "sha256-raPy7vCleco/6mARMOeUraq7SQO1YOV5zOn4iqEyxWI=",
        "owner": "input-output-hk",
        "repo": "cardano-base",
        "rev": "46cd4c97cff9f1f0a0da976aa9e32bd2899c85ee",
        "type": "github"
      },
      "original": {
        "owner": "input-output-hk",
        "repo": "cardano-base",
        "type": "github"
      }
    },
    "cardano-crypto": {
      "flake": false,
      "locked": {
        "lastModified": 1621376239,
        "narHash": "sha256-oxIOVlgm07FAEmgGRF1C2me9TXqVxQulEOcJ22zpTRs=",
        "owner": "input-output-hk",
        "repo": "cardano-crypto",
        "rev": "07397f0e50da97eaa0575d93bee7ac4b2b2576ec",
        "type": "github"
      },
      "original": {
        "owner": "input-output-hk",
        "repo": "cardano-crypto",
        "rev": "07397f0e50da97eaa0575d93bee7ac4b2b2576ec",
        "type": "github"
      }
    },
    "cardano-prelude": {
      "flake": false,
      "locked": {
        "lastModified": 1664548869,
        "narHash": "sha256-7YOyIYKuslh8yD8ZAPuOiDaON7IoWVfkFKHOrjLtUK8=",
        "owner": "input-output-hk",
        "repo": "cardano-prelude",
        "rev": "b6053a23f53acd5c519cc559c3861dda3ebf8b35",
        "type": "github"
      },
      "original": {
        "owner": "input-output-hk",
        "repo": "cardano-prelude",
        "type": "github"
      }
    },
    "flake-parts": {
      "inputs": {
        "nixpkgs": [
          "horizon-orbis",
          "nixpkgs"
        ]
      },
      "locked": {
        "lastModified": 1664385320,
        "narHash": "sha256-uSCHb9RUqHRjTpI8OzyaUuHckFnnxwZqlXEuo+yUpYQ=",
        "owner": "hercules-ci",
        "repo": "flake-parts",
        "rev": "45298bd207b26e1bcd030a0bb075aa2da29f8e30",
        "type": "github"
      },
      "original": {
        "owner": "hercules-ci",
        "repo": "flake-parts",
        "type": "github"
      }
    },
    "flake-parts_2": {
      "inputs": {
        "nixpkgs": [
          "horizon-orbis",
          "horizon-plutus",
          "nixpkgs"
        ]
      },
      "locked": {
        "lastModified": 1661009076,
        "narHash": "sha256-phAE40gctVygRq3G3B6LhvD7u2qdQT21xsz8DdRDYFo=",
        "owner": "hercules-ci",
        "repo": "flake-parts",
        "rev": "850d8a76026127ef02f040fb0dcfdb8b749dd9d9",
        "type": "github"
      },
      "original": {
        "owner": "hercules-ci",
        "repo": "flake-parts",
        "type": "github"
      }
    },
    "flake-utils": {
      "locked": {
        "lastModified": 1659877975,
        "narHash": "sha256-zllb8aq3YO3h8B/U0/J1WBgAL8EX5yWf5pMj3G0NAmc=",
        "owner": "numtide",
        "repo": "flake-utils",
        "rev": "c0e246b9b83f637f4681389ecabcb2681b4f3af0",
        "type": "github"
      },
      "original": {
        "owner": "numtide",
        "repo": "flake-utils",
        "type": "github"
      }
    },
    "flake-utils_2": {
      "locked": {
        "lastModified": 1659877975,
        "narHash": "sha256-zllb8aq3YO3h8B/U0/J1WBgAL8EX5yWf5pMj3G0NAmc=",
        "owner": "numtide",
        "repo": "flake-utils",
        "rev": "c0e246b9b83f637f4681389ecabcb2681b4f3af0",
        "type": "github"
      },
      "original": {
        "id": "flake-utils",
        "type": "indirect"
      }
    },
    "flake-utils_3": {
      "locked": {
        "lastModified": 1659877975,
        "narHash": "sha256-zllb8aq3YO3h8B/U0/J1WBgAL8EX5yWf5pMj3G0NAmc=",
        "owner": "numtide",
        "repo": "flake-utils",
        "rev": "c0e246b9b83f637f4681389ecabcb2681b4f3af0",
        "type": "github"
      },
      "original": {
        "id": "flake-utils",
        "type": "indirect"
      }
    },
    "flake-utils_4": {
      "locked": {
        "lastModified": 1644229661,
        "narHash": "sha256-1YdnJAsNy69bpcjuoKdOYQX0YxZBiCYZo4Twxerqv7k=",
        "owner": "numtide",
        "repo": "flake-utils",
        "rev": "3cecb5b042f7f209c56ffd8371b2711a290ec797",
        "type": "github"
      },
      "original": {
        "owner": "numtide",
        "repo": "flake-utils",
        "type": "github"
      }
    },
    "flake-utils_5": {
      "locked": {
        "lastModified": 1644229661,
        "narHash": "sha256-1YdnJAsNy69bpcjuoKdOYQX0YxZBiCYZo4Twxerqv7k=",
        "owner": "numtide",
        "repo": "flake-utils",
        "rev": "3cecb5b042f7f209c56ffd8371b2711a290ec797",
        "type": "github"
      },
      "original": {
        "owner": "numtide",
        "repo": "flake-utils",
        "type": "github"
      }
    },
    "flake-utils_6": {
      "locked": {
        "lastModified": 1659877975,
        "narHash": "sha256-zllb8aq3YO3h8B/U0/J1WBgAL8EX5yWf5pMj3G0NAmc=",
        "owner": "numtide",
        "repo": "flake-utils",
        "rev": "c0e246b9b83f637f4681389ecabcb2681b4f3af0",
        "type": "github"
      },
      "original": {
        "id": "flake-utils",
        "type": "indirect"
      }
    },
    "flake-utils_7": {
      "locked": {
        "lastModified": 1644229661,
        "narHash": "sha256-1YdnJAsNy69bpcjuoKdOYQX0YxZBiCYZo4Twxerqv7k=",
        "owner": "numtide",
        "repo": "flake-utils",
        "rev": "3cecb5b042f7f209c56ffd8371b2711a290ec797",
        "type": "github"
      },
      "original": {
        "owner": "numtide",
        "repo": "flake-utils",
        "type": "github"
      }
    },
    "flake-utils_8": {
      "locked": {
        "lastModified": 1644229661,
        "narHash": "sha256-1YdnJAsNy69bpcjuoKdOYQX0YxZBiCYZo4Twxerqv7k=",
        "owner": "numtide",
        "repo": "flake-utils",
        "rev": "3cecb5b042f7f209c56ffd8371b2711a290ec797",
        "type": "github"
      },
      "original": {
        "owner": "numtide",
        "repo": "flake-utils",
        "type": "github"
      }
    },
    "flat": {
      "flake": false,
      "locked": {
        "lastModified": 1651405431,
        "narHash": "sha256-vyU10XtlJGD83hG970EVmOiomdhB20pxztYhcSMP9OA=",
        "owner": "Quid2",
        "repo": "flat",
        "rev": "44dd79ab3d6547afd7674876f0307995fc40dfcf",
        "type": "github"
      },
      "original": {
        "owner": "Quid2",
        "repo": "flat",
        "type": "github"
      }
    },
    "haskell-flake": {
      "locked": {
        "lastModified": 1661726764,
        "narHash": "sha256-YzzOoff6m3W4g4B0E8xd3omvOhEVuRu/Rdvnmy2H6Jc=",
        "owner": "srid",
        "repo": "haskell-flake",
        "rev": "3c27b5ba2eafc52f4bed232a8ff74cf0a5a99375",
        "type": "github"
      },
      "original": {
        "owner": "srid",
        "repo": "haskell-flake",
        "type": "github"
      }
    },
    "haskell-fri-proofs": {
      "flake": false,
      "locked": {
        "lastModified": 1662736063,
        "narHash": "sha256-TU0qEFohZu7W+E9FvYS1C7eekZBA6ZBaziPkg9NPZ8Q=",
        "owner": "Orbis-Tertius",
        "repo": "haskell-fri-proofs",
        "rev": "2c42c0c75f56b96e79094f4bffd6549d32aac462",
        "type": "github"
      },
      "original": {
        "owner": "Orbis-Tertius",
        "ref": "v0.0.0.1",
        "repo": "haskell-fri-proofs",
        "type": "github"
      }
    },
    "horizon-orbis": {
      "inputs": {
        "all-cabal-hashes": "all-cabal-hashes",
        "flake-parts": "flake-parts",
        "flake-utils": "flake-utils_2",
        "haskell-fri-proofs": "haskell-fri-proofs",
        "horizon-platform": [
          "horizon-platform"
        ],
        "horizon-plutus": "horizon-plutus",
        "lint-utils": "lint-utils_2",
        "nixpkgs": "nixpkgs_4",
        "orbis-l1-validator": "orbis-l1-validator",
        "osl": "osl",
        "prover": "prover"
      },
      "locked": {
        "lastModified": 1665411680,
        "narHash": "sha256-k6cYbC1VH7nUIgkix9npoBAgmNl9RwICaxcXGZGvRnQ=",
        "ref": "refs/heads/main",
        "rev": "37118aace82541325e089e3af458b23558d92ade",
        "revCount": 11,
        "type": "git",
        "url": "ssh://git@github.com/Orbis-Tertius/horizon-orbis"
      },
      "original": {
        "type": "git",
        "url": "ssh://git@github.com/Orbis-Tertius/horizon-orbis"
      }
    },
    "horizon-platform": {
      "inputs": {
        "flake-utils": "flake-utils_6",
        "lint-utils": "lint-utils_3",
        "nixpkgs": "nixpkgs_6"
      },
      "locked": {
        "lastModified": 1666018827,
        "narHash": "sha256-EptznF7RNOiz1zzg2yducKC5YH8YTwZ3KCdzl+NAYSY=",
        "ref": "refs/heads/master",
        "rev": "6aab5c319e28d2f7bf7c83100d4a6796204ca7a0",
        "revCount": 156,
        "type": "git",
        "url": "https://gitlab.homotopic.tech/horizon/horizon-platform"
      },
      "original": {
        "type": "git",
        "url": "https://gitlab.homotopic.tech/horizon/horizon-platform"
      }
    },
    "horizon-plutus": {
      "inputs": {
        "HaskellR": "HaskellR",
        "all-cabal-hashes": [
          "horizon-orbis",
          "all-cabal-hashes"
        ],
        "cardano-base": "cardano-base",
        "cardano-crypto": "cardano-crypto",
        "cardano-prelude": "cardano-prelude",
        "flake-parts": "flake-parts_2",
        "flake-utils": "flake-utils_3",
        "flat": "flat",
        "haskell-flake": "haskell-flake",
        "horizon-platform": [
          "horizon-orbis",
          "horizon-platform"
        ],
        "lint-utils": "lint-utils",
        "nixpkgs": "nixpkgs_2",
        "nixpkgs-libR": "nixpkgs-libR",
        "nothunks": "nothunks",
        "plutus": "plutus"
      },
      "locked": {
        "lastModified": 1665076288,
        "narHash": "sha256-J/69nM2/PN/L4/x1EjjGYEpYpaFrsoKb1q7PUN2gR90=",
        "ref": "refs/heads/master",
        "rev": "e5a94d1cad8d735869ba7a22e540969923ec81f6",
        "revCount": 12,
        "type": "git",
        "url": "https://gitlab.homotopic.tech/horizon/horizon-plutus"
      },
      "original": {
        "type": "git",
        "url": "https://gitlab.homotopic.tech/horizon/horizon-plutus"
      }
    },
    "lint-utils": {
      "inputs": {
        "flake-utils": "flake-utils_4",
        "nixpkgs": "nixpkgs"
      },
      "locked": {
        "lastModified": 1655192403,
        "narHash": "sha256-XyKDvRGDh8VXA6zN8DUTnDaTMrk0MxMKg70MaAX1A2Y=",
        "ref": "refs/heads/master",
        "rev": "a7ae54afdc4c05a5aabf202d5a76d02705eb6147",
        "revCount": 28,
        "type": "git",
        "url": "https://gitlab.homotopic.tech/nix/lint-utils"
      },
      "original": {
        "type": "git",
        "url": "https://gitlab.homotopic.tech/nix/lint-utils"
      }
    },
    "lint-utils_2": {
      "inputs": {
        "flake-utils": "flake-utils_5",
        "nixpkgs": "nixpkgs_3"
      },
      "locked": {
        "lastModified": 1655192403,
        "narHash": "sha256-XyKDvRGDh8VXA6zN8DUTnDaTMrk0MxMKg70MaAX1A2Y=",
        "ref": "refs/heads/master",
        "rev": "a7ae54afdc4c05a5aabf202d5a76d02705eb6147",
        "revCount": 28,
        "type": "git",
        "url": "https://gitlab.homotopic.tech/nix/lint-utils"
      },
      "original": {
        "type": "git",
        "url": "https://gitlab.homotopic.tech/nix/lint-utils"
      }
    },
    "lint-utils_3": {
      "inputs": {
        "flake-utils": "flake-utils_7",
        "nixpkgs": "nixpkgs_5"
      },
      "locked": {
        "lastModified": 1655192403,
        "narHash": "sha256-XyKDvRGDh8VXA6zN8DUTnDaTMrk0MxMKg70MaAX1A2Y=",
        "ref": "refs/heads/master",
        "rev": "a7ae54afdc4c05a5aabf202d5a76d02705eb6147",
        "revCount": 28,
        "type": "git",
        "url": "https://gitlab.homotopic.tech/nix/lint-utils"
      },
      "original": {
        "type": "git",
        "url": "https://gitlab.homotopic.tech/nix/lint-utils"
      }
    },
    "lint-utils_4": {
      "inputs": {
        "flake-utils": "flake-utils_8",
        "nixpkgs": [
          "nixpkgs"
        ]
      },
      "locked": {
        "lastModified": 1655192403,
        "narHash": "sha256-XyKDvRGDh8VXA6zN8DUTnDaTMrk0MxMKg70MaAX1A2Y=",
        "ref": "refs/heads/master",
        "rev": "a7ae54afdc4c05a5aabf202d5a76d02705eb6147",
        "revCount": 28,
        "type": "git",
        "url": "https://gitlab.homotopic.tech/nix/lint-utils"
      },
      "original": {
        "type": "git",
        "url": "https://gitlab.homotopic.tech/nix/lint-utils"
      }
    },
    "nixpkgs": {
      "locked": {
        "lastModified": 1644525281,
        "narHash": "sha256-D3VuWLdnLmAXIkooWAtbTGSQI9Fc1lkvAr94wTxhnTU=",
        "owner": "NixOS",
        "repo": "nixpkgs",
        "rev": "48d63e924a2666baf37f4f14a18f19347fbd54a2",
        "type": "github"
      },
      "original": {
        "owner": "NixOS",
        "ref": "nixos-unstable",
        "repo": "nixpkgs",
        "type": "github"
      }
    },
    "nixpkgs-libR": {
      "locked": {
        "lastModified": 1650935992,
        "narHash": "sha256-+3aqnX2lSi2XVTEXFu6mrnGL/czDxiwRmXP5xPp9i3U=",
        "owner": "nixos",
        "repo": "nixpkgs",
        "rev": "602748c14b82a2e17078713686fe1df2824fa502",
        "type": "github"
      },
      "original": {
        "owner": "nixos",
        "repo": "nixpkgs",
        "rev": "602748c14b82a2e17078713686fe1df2824fa502",
        "type": "github"
      }
    },
    "nixpkgs_2": {
      "locked": {
        "lastModified": 1662019588,
        "narHash": "sha256-oPEjHKGGVbBXqwwL+UjsveJzghWiWV0n9ogo1X6l4cw=",
        "owner": "nixos",
        "repo": "nixpkgs",
        "rev": "2da64a81275b68fdad38af669afeda43d401e94b",
        "type": "github"
      },
      "original": {
        "owner": "nixos",
        "ref": "nixos-unstable",
        "repo": "nixpkgs",
        "type": "github"
      }
    },
    "nixpkgs_3": {
      "locked": {
        "lastModified": 1644525281,
        "narHash": "sha256-D3VuWLdnLmAXIkooWAtbTGSQI9Fc1lkvAr94wTxhnTU=",
        "owner": "NixOS",
        "repo": "nixpkgs",
        "rev": "48d63e924a2666baf37f4f14a18f19347fbd54a2",
        "type": "github"
      },
      "original": {
        "owner": "NixOS",
        "ref": "nixos-unstable",
        "repo": "nixpkgs",
        "type": "github"
      }
    },
    "nixpkgs_4": {
      "locked": {
        "lastModified": 1665259268,
        "narHash": "sha256-ONFhHBLv5nZKhwV/F2GOH16197PbvpyWhoO0AOyktkU=",
        "owner": "nixos",
        "repo": "nixpkgs",
        "rev": "c5924154f000e6306030300592f4282949b2db6c",
        "type": "github"
      },
      "original": {
        "owner": "nixos",
        "ref": "nixos-unstable",
        "repo": "nixpkgs",
        "type": "github"
      }
    },
    "nixpkgs_5": {
      "locked": {
        "lastModified": 1644525281,
        "narHash": "sha256-D3VuWLdnLmAXIkooWAtbTGSQI9Fc1lkvAr94wTxhnTU=",
        "owner": "NixOS",
        "repo": "nixpkgs",
        "rev": "48d63e924a2666baf37f4f14a18f19347fbd54a2",
        "type": "github"
      },
      "original": {
        "owner": "NixOS",
        "ref": "nixos-unstable",
        "repo": "nixpkgs",
        "type": "github"
      }
    },
    "nixpkgs_6": {
      "locked": {
        "lastModified": 1665830552,
        "narHash": "sha256-qel2bZ9TqfW8WzWCWdjuCy4bVFhhGsEeqFv/bj1ka2s=",
        "owner": "nixos",
        "repo": "nixpkgs",
        "rev": "26b7e6ab6a864c3e7e077bcb27a49f0480b9894a",
        "type": "github"
      },
      "original": {
        "owner": "nixos",
        "ref": "nixpkgs-unstable",
        "repo": "nixpkgs",
        "type": "github"
      }
    },
    "nixpkgs_7": {
      "locked": {
        "lastModified": 1665975177,
        "narHash": "sha256-PypbdMOB9l5Uks1phl2reKY+klMabz8fepj7bWrupZE=",
        "owner": "nixos",
        "repo": "nixpkgs",
        "rev": "ab6176ac5b0ee4f18e9cb380a41a6e1816c7bc89",
        "type": "github"
      },
      "original": {
        "owner": "nixos",
        "ref": "nixpkgs-unstable",
        "repo": "nixpkgs",
        "type": "github"
      }
    },
    "nothunks": {
      "flake": false,
      "locked": {
        "lastModified": 1662301055,
        "narHash": "sha256-ZJ3cwh1q8KCD4aL8IE5dcX+W0ZuRLQwRtWK5Fu0mwjU=",
        "owner": "locallycompact",
        "repo": "nothunks",
        "rev": "0d7e3565407aa4eb21d861d075dff6f20d090f97",
        "type": "github"
      },
      "original": {
        "owner": "locallycompact",
        "repo": "nothunks",
        "type": "github"
      }
    },
    "orbis-l1-validator": {
      "flake": false,
      "locked": {
        "lastModified": 1663665505,
        "narHash": "sha256-2GQzJ9ghOWzXkwD2ZtRb9XvHBYlAsmR4pLsa09gtRWc=",
        "ref": "refs/heads/master",
        "rev": "6882322a80037347ebb89a63664663d25c663565",
        "revCount": 2,
        "type": "git",
        "url": "ssh://git@github.com/Orbis-Tertius/orbis-l1-validator"
      },
      "original": {
        "type": "git",
        "url": "ssh://git@github.com/Orbis-Tertius/orbis-l1-validator"
      }
    },
    "osl": {
      "flake": false,
      "locked": {
        "lastModified": 1665116908,
        "narHash": "sha256-zcoUX6aXjDSsilKQxuSP/1IYc4XqUiW/3OEuR5ncldA=",
        "ref": "refs/heads/master",
        "rev": "19fa908e88caa06189706a72a49a3e4b5e858a38",
        "revCount": 516,
        "type": "git",
        "url": "ssh://git@github.com/Orbis-Tertius/osl"
      },
      "original": {
        "type": "git",
        "url": "ssh://git@github.com/Orbis-Tertius/osl"
      }
    },
    "plutus": {
      "flake": false,
      "locked": {
        "lastModified": 1665072514,
        "narHash": "sha256-o613DcnvD/uvwUo3c7KV4N3CrG0k+ndu/3lLcxfG/18=",
        "owner": "milloni",
        "repo": "plutus",
        "rev": "81cd1ada745c12af2c2c28afce1f6b6b28b38fdd",
        "type": "github"
      },
      "original": {
        "owner": "milloni",
        "ref": "milloni/ghc942",
        "repo": "plutus",
        "type": "github"
      }
    },
    "prover": {
      "flake": false,
      "locked": {
        "lastModified": 1665150598,
        "narHash": "sha256-y2Tyh48BN8tQ1F8Jsq79X6a4mqiMk7tls4bzX9PtMZo=",
        "ref": "refs/heads/master",
        "rev": "0bb1565e5bb40f9401d8b0fdcf74a2084001990b",
        "revCount": 333,
        "type": "git",
        "url": "ssh://git@github.com/Orbis-Tertius/prover"
      },
      "original": {
        "type": "git",
        "url": "ssh://git@github.com/Orbis-Tertius/prover"
      }
    },
    "root": {
      "inputs": {
        "flake-utils": "flake-utils",
        "horizon-orbis": "horizon-orbis",
        "horizon-platform": "horizon-platform",
        "lint-utils": "lint-utils_4",
        "nixpkgs": "nixpkgs_7"
      }
    }
  },
  "root": "root",
  "version": 7
}
